
Microsoft Visual Studio Solution File, Format Version 12.00
# Visual Studio Version 17
VisualStudioVersion = 17.14.36221.1 d17.14
MinimumVisualStudioVersion = 10.0.40219.1
Project("{FAE04EC0-301F-11D3-BF4B-00C04F79EFBC}") = "3_PC2_2", "3_PC2_2\3_PC2_2.csproj", "{78BFD296-E295-4FBE-9A13-53C6910182D8}"
EndProject
Global
	GlobalSection(SolutionConfigurationPlatforms) = preSolution
		Debug|Any CPU = Debug|Any CPU
		Release|Any CPU = Release|Any CPU
	EndGlobalSection
	GlobalSection(ProjectConfigurationPlatforms) = postSolution
		{78BFD296-E295-4FBE-9A13-53C6910182D8}.Debug|Any CPU.ActiveCfg = Debug|Any CPU
		{78BFD296-E295-4FBE-9A13-53C6910182D8}.Debug|Any CPU.Build.0 = Debug|Any CPU
		{78BFD296-E295-4FBE-9A13-53C6910182D8}.Release|Any CPU.ActiveCfg = Release|Any CPU
		{78BFD296-E295-4FBE-9A13-53C6910182D8}.Release|Any CPU.Build.0 = Release|Any CPU
	EndGlobalSection
	GlobalSection(SolutionProperties) = preSolution
		HideSolutionNode = FALSE
	EndGlobalSection
	GlobalSection(ExtensibilityGlobals) = postSolution
		SolutionGuid = {6EDD3569-BBF0-4661-80F4-A0EF52EE6FB9}
	EndGlobalSection
EndGlobal
