
Microsoft Visual Studio Solution File, Format Version 12.00
# Visual Studio 14
VisualStudioVersion = 14.0.23107.0
MinimumVisualStudioVersion = 10.0.40219.1
Project("{FAE04EC0-301F-11D3-BF4B-00C04F79EFBC}") = "3_pc2_4_3", "3_pc2_4_3\3_pc2_4_3.csproj", "{E47E51CE-8793-48C4-802D-D0298F3C5ACF}"
EndProject
Global
	GlobalSection(SolutionConfigurationPlatforms) = preSolution
		Debug|Any CPU = Debug|Any CPU
		Release|Any CPU = Release|Any CPU
	EndGlobalSection
	GlobalSection(ProjectConfigurationPlatforms) = postSolution
		{E47E51CE-8793-48C4-802D-D0298F3C5ACF}.Debug|Any CPU.ActiveCfg = Debug|Any CPU
		{E47E51CE-8793-48C4-802D-D0298F3C5ACF}.Debug|Any CPU.Build.0 = Debug|Any CPU
		{E47E51CE-8793-48C4-802D-D0298F3C5ACF}.Release|Any CPU.ActiveCfg = Release|Any CPU
		{E47E51CE-8793-48C4-802D-D0298F3C5ACF}.Release|Any CPU.Build.0 = Release|Any CPU
	EndGlobalSection
	GlobalSection(SolutionProperties) = preSolution
		HideSolutionNode = FALSE
	EndGlobalSection
EndGlobal
