
Microsoft Visual Studio Solution File, Format Version 12.00
# Visual Studio Version 17
VisualStudioVersion = 17.14.36221.1 d17.14
MinimumVisualStudioVersion = 10.0.40219.1
Project("{FAE04EC0-301F-11D3-BF4B-00C04F79EFBC}") = "3_PC2_1", "3_PC2_1\3_PC2_1.csproj", "{2365E66E-1490-43DB-A2AD-BE6E4957E78A}"
EndProject
Global
	GlobalSection(SolutionConfigurationPlatforms) = preSolution
		Debug|Any CPU = Debug|Any CPU
		Release|Any CPU = Release|Any CPU
	EndGlobalSection
	GlobalSection(ProjectConfigurationPlatforms) = postSolution
		{2365E66E-1490-43DB-A2AD-BE6E4957E78A}.Debug|Any CPU.ActiveCfg = Debug|Any CPU
		{2365E66E-1490-43DB-A2AD-BE6E4957E78A}.Debug|Any CPU.Build.0 = Debug|Any CPU
		{2365E66E-1490-43DB-A2AD-BE6E4957E78A}.Release|Any CPU.ActiveCfg = Release|Any CPU
		{2365E66E-1490-43DB-A2AD-BE6E4957E78A}.Release|Any CPU.Build.0 = Release|Any CPU
	EndGlobalSection
	GlobalSection(SolutionProperties) = preSolution
		HideSolutionNode = FALSE
	EndGlobalSection
	GlobalSection(ExtensibilityGlobals) = postSolution
		SolutionGuid = {90F4BBCF-765B-4567-86BB-6957A5EF5C87}
	EndGlobalSection
EndGlobal
